// !$*UTF8*$!
{
	archiveVersion = 1;
	classes = {
	};
	objectVersion = 50;
	objects = {

/* Begin PBXBuildFile section */
		A815AF3B25A0FCA0003BB952 /* MovieDetailView.swift in Sources */ = {isa = PBXBuildFile; fileRef = A815AF3A25A0FCA0003BB952 /* MovieDetailView.swift */; };
		A815AF4225A0FDA8003BB952 /* Movie.swift in Sources */ = {isa = PBXBuildFile; fileRef = A815AF4125A0FDA8003BB952 /* Movie.swift */; };
		A8FD747E259BAC86007C7AFF /* swiftui_cw_9App.swift in Sources */ = {isa = PBXBuildFile; fileRef = A8FD747D259BAC86007C7AFF /* swiftui_cw_9App.swift */; };
		A8FD7480259BAC86007C7AFF /* ContentView.swift in Sources */ = {isa = PBXBuildFile; fileRef = A8FD747F259BAC86007C7AFF /* ContentView.swift */; };
		A8FD7482259BAC8B007C7AFF /* Assets.xcassets in Resources */ = {isa = PBXBuildFile; fileRef = A8FD7481259BAC8B007C7AFF /* Assets.xcassets */; };
		A8FD7485259BAC8B007C7AFF /* Preview Assets.xcassets in Resources */ = {isa = PBXBuildFile; fileRef = A8FD7484259BAC8B007C7AFF /* Preview Assets.xcassets */; };
		A8FD7490259BB730007C7AFF /* Merriweather-BoldItalic.ttf in Resources */ = {isa = PBXBuildFile; fileRef = A8FD748F259BB730007C7AFF /* Merriweather-BoldItalic.ttf */; };
/* End PBXBuildFile section */

/* Begin PBXFileReference section */
		A815AF3A25A0FCA0003BB952 /* MovieDetailView.swift */ = {isa = PBXFileReference; lastKnownFileType = sourcecode.swift; path = MovieDetailView.swift; sourceTree = "<group>"; };
		A815AF4125A0FDA8003BB952 /* Movie.swift */ = {isa = PBXFileReference; lastKnownFileType = sourcecode.swift; path = Movie.swift; sourceTree = "<group>"; };
		A8FD747A259BAC86007C7AFF /* swiftui-cw-9.app */ = {isa = PBXFileReference; explicitFileType = wrapper.application; includeInIndex = 0; path = "swiftui-cw-9.app"; sourceTree = BUILT_PRODUCTS_DIR; };
		A8FD747D259BAC86007C7AFF /* swiftui_cw_9App.swift */ = {isa = PBXFileReference; lastKnownFileType = sourcecode.swift; path = swiftui_cw_9App.swift; sourceTree = "<group>"; };
		A8FD747F259BAC86007C7AFF /* ContentView.swift */ = {isa = PBXFileReference; lastKnownFileType = sourcecode.swift; path = ContentView.swift; sourceTree = "<group>"; };
		A8FD7481259BAC8B007C7AFF /* Assets.xcassets */ = {isa = PBXFileReference; lastKnownFileType = folder.assetcatalog; path = Assets.xcassets; sourceTree = "<group>"; };
		A8FD7484259BAC8B007C7AFF /* Preview Assets.xcassets */ = {isa = PBXFileReference; lastKnownFileType = folder.assetcatalog; path = "Preview Assets.xcassets"; sourceTree = "<group>"; };
		A8FD7486259BAC8B007C7AFF /* Info.plist */ = {isa = PBXFileReference; lastKnownFileType = text.plist.xml; path = Info.plist; sourceTree = "<group>"; };
		A8FD748F259BB730007C7AFF /* Merriweather-BoldItalic.ttf */ = {isa = PBXFileReference; lastKnownFileType = file; path = "Merriweather-BoldItalic.ttf"; sourceTree = "<group>"; };
/* End PBXFileReference section */

/* Begin PBXFrameworksBuildPhase section */
		A8FD7477259BAC86007C7AFF /* Frameworks */ = {
			isa = PBXFrameworksBuildPhase;
			buildActionMask = 2147483647;
			files = (
			);
			runOnlyForDeploymentPostprocessing = 0;
		};
/* End PBXFrameworksBuildPhase section */

/* Begin PBXGroup section */
		A815AF4025A0FD98003BB952 /* Models */ = {
			isa = PBXGroup;
			children = (
				A815AF4125A0FDA8003BB952 /* Movie.swift */,
			);
			path = Models;
			sourceTree = "<group>";
		};
		A8FD7471259BAC86007C7AFF = {
			isa = PBXGroup;
			children = (
				A8FD747C259BAC86007C7AFF /* swiftui-cw-9 */,
				A8FD747B259BAC86007C7AFF /* Products */,
			);
			sourceTree = "<group>";
		};
		A8FD747B259BAC86007C7AFF /* Products */ = {
			isa = PBXGroup;
			children = (
				A8FD747A259BAC86007C7AFF /* swiftui-cw-9.app */,
			);
			name = Products;
			sourceTree = "<group>";
		};
		A8FD747C259BAC86007C7AFF /* swiftui-cw-9 */ = {
			isa = PBXGroup;
			children = (
				A815AF4025A0FD98003BB952 /* Models */,
				A8FD747D259BAC86007C7AFF /* swiftui_cw_9App.swift */,
				A8FD747F259BAC86007C7AFF /* ContentView.swift */,
				A815AF3A25A0FCA0003BB952 /* MovieDetailView.swift */,
				A8FD7481259BAC8B007C7AFF /* Assets.xcassets */,
				A8FD7486259BAC8B007C7AFF /* Info.plist */,
				A8FD748E259BB720007C7AFF /* Fonts */,
				A8FD7483259BAC8B007C7AFF /* Preview Content */,
			);
			path = "swiftui-cw-9";
			sourceTree = "<group>";
		};
		A8FD7483259BAC8B007C7AFF /* Preview Content */ = {
			isa = PBXGroup;
			children = (
				A8FD7484259BAC8B007C7AFF /* Preview Assets.xcassets */,
			);
			path = "Preview Content";
			sourceTree = "<group>";
		};
		A8FD748E259BB720007C7AFF /* Fonts */ = {
			isa = PBXGroup;
			children = (
				A8FD748F259BB730007C7AFF /* Merriweather-BoldItalic.ttf */,
			);
			path = Fonts;
			sourceTree = "<group>";
		};
/* End PBXGroup section */

/* Begin PBXNativeTarget section */
		A8FD7479259BAC86007C7AFF /* swiftui-cw-9 */ = {
			isa = PBXNativeTarget;
			buildConfigurationList = A8FD7489259BAC8B007C7AFF /* Build configuration list for PBXNativeTarget "swiftui-cw-9" */;
			buildPhases = (
				A8FD7476259BAC86007C7AFF /* Sources */,
				A8FD7477259BAC86007C7AFF /* Frameworks */,
				A8FD7478259BAC86007C7AFF /* Resources */,
			);
			buildRules = (
			);
			dependencies = (
			);
			name = "swiftui-cw-9";
			productName = "swiftui-cw-9";
			productReference = A8FD747A259BAC86007C7AFF /* swiftui-cw-9.app */;
			productType = "com.apple.product-type.application";
		};
/* End PBXNativeTarget section */

/* Begin PBXProject section */
		A8FD7472259BAC86007C7AFF /* Project object */ = {
			isa = PBXProject;
			attributes = {
				LastSwiftUpdateCheck = 1230;
				LastUpgradeCheck = 1230;
				TargetAttributes = {
					A8FD7479259BAC86007C7AFF = {
						CreatedOnToolsVersion = 12.3;
					};
				};
			};
			buildConfigurationList = A8FD7475259BAC86007C7AFF /* Build configuration list for PBXProject "swiftui-cw-9" */;
			compatibilityVersion = "Xcode 9.3";
			developmentRegion = en;
			hasScannedForEncodings = 0;
			knownRegions = (
				en,
				Base,
			);
			mainGroup = A8FD7471259BAC86007C7AFF;
			productRefGroup = A8FD747B259BAC86007C7AFF /* Products */;
			projectDirPath = "";
			projectRoot = "";
			targets = (
				A8FD7479259BAC86007C7AFF /* swiftui-cw-9 */,
			);
		};
/* End PBXProject section */

/* Begin PBXResourcesBuildPhase section */
		A8FD7478259BAC86007C7AFF /* Resources */ = {
			isa = PBXResourcesBuildPhase;
			buildActionMask = 2147483647;
			files = (
				A8FD7485259BAC8B007C7AFF /* Preview Assets.xcassets in Resources */,
				A8FD7490259BB730007C7AFF /* Merriweather-BoldItalic.ttf in Resources */,
				A8FD7482259BAC8B007C7AFF /* Assets.xcassets in Resources */,
			);
			runOnlyForDeploymentPostprocessing = 0;
		};
/* End PBXResourcesBuildPhase section */

/* Begin PBXSourcesBuildPhase section */
		A8FD7476259BAC86007C7AFF /* Sources */ = {
			isa = PBXSourcesBuildPhase;
			buildActionMask = 2147483647;
			files = (
				A8FD7480259BAC86007C7AFF /* ContentView.swift in Sources */,
				A8FD747E259BAC86007C7AFF /* swiftui_cw_9App.swift in Sources */,
				A815AF4225A0FDA8003BB952 /* Movie.swift in Sources */,
				A815AF3B25A0FCA0003BB952 /* MovieDetailView.swift in Sources */,
			);
			runOnlyForDeploymentPostprocessing = 0;
		};
/* End PBXSourcesBuildPhase section */

/* Begin XCBuildConfiguration section */
		A8FD7487259BAC8B007C7AFF /* Debug */ = {
			isa = XCBuildConfiguration;
			buildSettings = {
				ALWAYS_SEARCH_USER_PATHS = NO;
				CLANG_ANALYZER_NONNULL = YES;
				CLANG_ANALYZER_NUMBER_OBJECT_CONVERSION = YES_AGGRESSIVE;
				CLANG_CXX_LANGUAGE_STANDARD = "gnu++14";
				CLANG_CXX_LIBRARY = "libc++";
				CLANG_ENABLE_MODULES = YES;
				CLANG_ENABLE_OBJC_ARC = YES;
				CLANG_ENABLE_OBJC_WEAK = YES;
				CLANG_WARN_BLOCK_CAPTURE_AUTORELEASING = YES;
				CLANG_WARN_BOOL_CONVERSION = YES;
				CLANG_WARN_COMMA = YES;
				CLANG_WARN_CONSTANT_CONVERSION = YES;
				CLANG_WARN_DEPRECATED_OBJC_IMPLEMENTATIONS = YES;
				CLANG_WARN_DIRECT_OBJC_ISA_USAGE = YES_ERROR;
				CLANG_WARN_DOCUMENTATION_COMMENTS = YES;
				CLANG_WARN_EMPTY_BODY = YES;
				CLANG_WARN_ENUM_CONVERSION = YES;
				CLANG_WARN_INFINITE_RECURSION = YES;
				CLANG_WARN_INT_CONVERSION = YES;
				CLANG_WARN_NON_LITERAL_NULL_CONVERSION = YES;
				CLANG_WARN_OBJC_IMPLICIT_RETAIN_SELF = YES;
				CLANG_WARN_OBJC_LITERAL_CONVERSION = YES;
				CLANG_WARN_OBJC_ROOT_CLASS = YES_ERROR;
				CLANG_WARN_QUOTED_INCLUDE_IN_FRAMEWORK_HEADER = YES;
				CLANG_WARN_RANGE_LOOP_ANALYSIS = YES;
				CLANG_WARN_STRICT_PROTOTYPES = YES;
				CLANG_WARN_SUSPICIOUS_MOVE = YES;
				CLANG_WARN_UNGUARDED_AVAILABILITY = YES_AGGRESSIVE;
				CLANG_WARN_UNREACHABLE_CODE = YES;
				CLANG_WARN__DUPLICATE_METHOD_MATCH = YES;
				COPY_PHASE_STRIP = NO;
				DEBUG_INFORMATION_FORMAT = dwarf;
				ENABLE_STRICT_OBJC_MSGSEND = YES;
				ENABLE_TESTABILITY = YES;
				GCC_C_LANGUAGE_STANDARD = gnu11;
				GCC_DYNAMIC_NO_PIC = NO;
				GCC_NO_COMMON_BLOCKS = YES;
				GCC_OPTIMIZATION_LEVEL = 0;
				GCC_PREPROCESSOR_DEFINITIONS = (
					"DEBUG=1",
					"$(inherited)",
				);
				GCC_WARN_64_TO_32_BIT_CONVERSION = YES;
				GCC_WARN_ABOUT_RETURN_TYPE = YES_ERROR;
				GCC_WARN_UNDECLARED_SELECTOR = YES;
				GCC_WARN_UNINITIALIZED_AUTOS = YES_AGGRESSIVE;
				GCC_WARN_UNUSED_FUNCTION = YES;
				GCC_WARN_UNUSED_VARIABLE = YES;
				IPHONEOS_DEPLOYMENT_TARGET = 14.3;
				MTL_ENABLE_DEBUG_INFO = INCLUDE_SOURCE;
				MTL_FAST_MATH = YES;
				ONLY_ACTIVE_ARCH = YES;
				SDKROOT = iphoneos;
				SWIFT_ACTIVE_COMPILATION_CONDITIONS = DEBUG;
				SWIFT_OPTIMIZATION_LEVEL = "-Onone";
			};
			name = Debug;
		};
		A8FD7488259BAC8B007C7AFF /* Release */ = {
			isa = XCBuildConfiguration;
			buildSettings = {
				ALWAYS_SEARCH_USER_PATHS = NO;
				CLANG_ANALYZER_NONNULL = YES;
				CLANG_ANALYZER_NUMBER_OBJECT_CONVERSION = YES_AGGRESSIVE;
				CLANG_CXX_LANGUAGE_STANDARD = "gnu++14";
				CLANG_CXX_LIBRARY = "libc++";
				CLANG_ENABLE_MODULES = YES;
				CLANG_ENABLE_OBJC_ARC = YES;
				CLANG_ENABLE_OBJC_WEAK = YES;
				CLANG_WARN_BLOCK_CAPTURE_AUTORELEASING = YES;
				CLANG_WARN_BOOL_CONVERSION = YES;
				CLANG_WARN_COMMA = YES;
				CLANG_WARN_CONSTANT_CONVERSION = YES;
				CLANG_WARN_DEPRECATED_OBJC_IMPLEMENTATIONS = YES;
				CLANG_WARN_DIRECT_OBJC_ISA_USAGE = YES_ERROR;
				CLANG_WARN_DOCUMENTATION_COMMENTS = YES;
				CLANG_WARN_EMPTY_BODY = YES;
				CLANG_WARN_ENUM_CONVERSION = YES;
				CLANG_WARN_INFINITE_RECURSION = YES;
				CLANG_WARN_INT_CONVERSION = YES;
				CLANG_WARN_NON_LITERAL_NULL_CONVERSION = YES;
				CLANG_WARN_OBJC_IMPLICIT_RETAIN_SELF = YES;
				CLANG_WARN_OBJC_LITERAL_CONVERSION = YES;
				CLANG_WARN_OBJC_ROOT_CLASS = YES_ERROR;
				CLANG_WARN_QUOTED_INCLUDE_IN_FRAMEWORK_HEADER = YES;
				CLANG_WARN_RANGE_LOOP_ANALYSIS = YES;
				CLANG_WARN_STRICT_PROTOTYPES = YES;
				CLANG_WARN_SUSPICIOUS_MOVE = YES;
				CLANG_WARN_UNGUARDED_AVAILABILITY = YES_AGGRESSIVE;
				CLANG_WARN_UNREACHABLE_CODE = YES;
				CLANG_WARN__DUPLICATE_METHOD_MATCH = YES;
				COPY_PHASE_STRIP = NO;
				DEBUG_INFORMATION_FORMAT = "dwarf-with-dsym";
				ENABLE_NS_ASSERTIONS = NO;
				ENABLE_STRICT_OBJC_MSGSEND = YES;
				GCC_C_LANGUAGE_STANDARD = gnu11;
				GCC_NO_COMMON_BLOCKS = YES;
				GCC_WARN_64_TO_32_BIT_CONVERSION = YES;
				GCC_WARN_ABOUT_RETURN_TYPE = YES_ERROR;
				GCC_WARN_UNDECLARED_SELECTOR = YES;
				GCC_WARN_UNINITIALIZED_AUTOS = YES_AGGRESSIVE;
				GCC_WARN_UNUSED_FUNCTION = YES;
				GCC_WARN_UNUSED_VARIABLE = YES;
				IPHONEOS_DEPLOYMENT_TARGET = 14.3;
				MTL_ENABLE_DEBUG_INFO = NO;
				MTL_FAST_MATH = YES;
				SDKROOT = iphoneos;
				SWIFT_COMPILATION_MODE = wholemodule;
				SWIFT_OPTIMIZATION_LEVEL = "-O";
				VALIDATE_PRODUCT = YES;
			};
			name = Release;
		};
		A8FD748A259BAC8B007C7AFF /* Debug */ = {
			isa = XCBuildConfiguration;
			buildSettings = {
				ASSETCATALOG_COMPILER_APPICON_NAME = AppIcon;
				ASSETCATALOG_COMPILER_GLOBAL_ACCENT_COLOR_NAME = AccentColor;
				CODE_SIGN_STYLE = Automatic;
				DEVELOPMENT_ASSET_PATHS = "\"swiftui-cw-9/Preview Content\"";
				DEVELOPMENT_TEAM = 39J3QLGDT8;
				ENABLE_PREVIEWS = YES;
				INFOPLIST_FILE = "swiftui-cw-9/Info.plist";
				IPHONEOS_DEPLOYMENT_TARGET = 14.0;
				LD_RUNPATH_SEARCH_PATHS = (
					"$(inherited)",
					"@executable_path/Frameworks",
				);
				PRODUCT_BUNDLE_IDENTIFIER = "com.yaa.swiftui-cw-9";
				PRODUCT_NAME = "$(TARGET_NAME)";
				SWIFT_VERSION = 5.0;
				TARGETED_DEVICE_FAMILY = "1,2";
			};
			name = Debug;
		};
		A8FD748B259BAC8B007C7AFF /* Release */ = {
			isa = XCBuildConfiguration;
			buildSettings = {
				ASSETCATALOG_COMPILER_APPICON_NAME = AppIcon;
				ASSETCATALOG_COMPILER_GLOBAL_ACCENT_COLOR_NAME = AccentColor;
				CODE_SIGN_STYLE = Automatic;
				DEVELOPMENT_ASSET_PATHS = "\"swiftui-cw-9/Preview Content\"";
				DEVELOPMENT_TEAM = 39J3QLGDT8;
				ENABLE_PREVIEWS = YES;
				INFOPLIST_FILE = "swiftui-cw-9/Info.plist";
				IPHONEOS_DEPLOYMENT_TARGET = 14.0;
				LD_RUNPATH_SEARCH_PATHS = (
					"$(inherited)",
					"@executable_path/Frameworks",
				);
				PRODUCT_BUNDLE_IDENTIFIER = "com.yaa.swiftui-cw-9";
				PRODUCT_NAME = "$(TARGET_NAME)";
				SWIFT_VERSION = 5.0;
				TARGETED_DEVICE_FAMILY = "1,2";
			};
			name = Release;
		};
/* End XCBuildConfiguration section */

/* Begin XCConfigurationList section */
		A8FD7475259BAC86007C7AFF /* Build configuration list for PBXProject "swiftui-cw-9" */ = {
			isa = XCConfigurationList;
			buildConfigurations = (
				A8FD7487259BAC8B007C7AFF /* Debug */,
				A8FD7488259BAC8B007C7AFF /* Release */,
			);
			defaultConfigurationIsVisible = 0;
			defaultConfigurationName = Release;
		};
		A8FD7489259BAC8B007C7AFF /* Build configuration list for PBXNativeTarget "swiftui-cw-9" */ = {
			isa = XCConfigurationList;
			buildConfigurations = (
				A8FD748A259BAC8B007C7AFF /* Debug */,
				A8FD748B259BAC8B007C7AFF /* Release */,
			);
			defaultConfigurationIsVisible = 0;
			defaultConfigurationName = Release;
		};
/* End XCConfigurationList section */
	};
	rootObject = A8FD7472259BAC86007C7AFF /* Project object */;
}
